// !$*UTF8*$!
{
	archiveVersion = 1;
	classes = {
	};
	objectVersion = 46;
	objects = {

/* Begin PBXBuildFile section */
		1E8CED6215AE720500531334 /* ZHUWBRequestEngine.m in Sources */ = {isa = PBXBuildFile; fileRef = 1E8CED6115AE720500531334 /* ZHUWBRequestEngine.m */; };
		1E8CED7515AE787D00531334 /* ZHUWBRequest.m in Sources */ = {isa = PBXBuildFile; fileRef = 1E8CED7415AE787D00531334 /* ZHUWBRequest.m */; };
		1E8CED8015AE7F5100531334 /* ZHUWBData.m in Sources */ = {isa = PBXBuildFile; fileRef = 1E8CED7F15AE7F5100531334 /* ZHUWBData.m */; };
		1EA12F5315AEA3CF0096EF4E /* ZHUSinaWBRequestEngine.m in Sources */ = {isa = PBXBuildFile; fileRef = 1EA12F5215AEA3CF0096EF4E /* ZHUSinaWBRequestEngine.m */; };
		1EA12F5615AEB2330096EF4E /* ZHUTableViewCell.m in Sources */ = {isa = PBXBuildFile; fileRef = 1EA12F5515AEB2330096EF4E /* ZHUTableViewCell.m */; };
		1EA12F6715AEBFA00096EF4E /* ZHUSinaUser.m in Sources */ = {isa = PBXBuildFile; fileRef = 1EA12F6615AEBFA00096EF4E /* ZHUSinaUser.m */; };
		1EA12F6A15AEBFB60096EF4E /* ZHUSinaGeo.m in Sources */ = {isa = PBXBuildFile; fileRef = 1EA12F6915AEBFB60096EF4E /* ZHUSinaGeo.m */; };
		1EA12F6D15AECE4B0096EF4E /* ZHUTimeLineTableViewCell.m in Sources */ = {isa = PBXBuildFile; fileRef = 1EA12F6C15AECE4B0096EF4E /* ZHUTimeLineTableViewCell.m */; };
		DD27D30E15AC229C005B638F /* ZHUViewController.m in Sources */ = {isa = PBXBuildFile; fileRef = DD27D30D15AC229C005B638F /* ZHUViewController.m */; };
		DD31722F15ABCE2100160263 /* SVPullToRefresh.m in Sources */ = {isa = PBXBuildFile; fileRef = DD31722E15ABCE2100160263 /* SVPullToRefresh.m */; };
		DD31723415ABCE4E00160263 /* ZHUTableViewController.m in Sources */ = {isa = PBXBuildFile; fileRef = DD31723215ABCE4E00160263 /* ZHUTableViewController.m */; };
		DD31723815ABD4D500160263 /* ZHUTimeLineViewController.m in Sources */ = {isa = PBXBuildFile; fileRef = DD31723715ABD4D500160263 /* ZHUTimeLineViewController.m */; };
		DD31725015ABD8DD00160263 /* tb_background.png in Resources */ = {isa = PBXBuildFile; fileRef = DD31723C15ABD8DD00160263 /* tb_background.png */; };
		DD31725115ABD8DD00160263 /* tb_background@2x.png in Resources */ = {isa = PBXBuildFile; fileRef = DD31723D15ABD8DD00160263 /* tb_background@2x.png */; };
		DD31725215ABD8DD00160263 /* tabbar_discover_highlighted.png in Resources */ = {isa = PBXBuildFile; fileRef = DD31723E15ABD8DD00160263 /* tabbar_discover_highlighted.png */; };
		DD31725315ABD8DD00160263 /* tabbar_discover_highlighted@2x.png in Resources */ = {isa = PBXBuildFile; fileRef = DD31723F15ABD8DD00160263 /* tabbar_discover_highlighted@2x.png */; };
		DD31725415ABD8DD00160263 /* tabbar_discover.png in Resources */ = {isa = PBXBuildFile; fileRef = DD31724015ABD8DD00160263 /* tabbar_discover.png */; };
		DD31725515ABD8DD00160263 /* tabbar_discover@2x.png in Resources */ = {isa = PBXBuildFile; fileRef = DD31724115ABD8DD00160263 /* tabbar_discover@2x.png */; };
		DD31725615ABD8DD00160263 /* tabbar_favorites_highlighted.png in Resources */ = {isa = PBXBuildFile; fileRef = DD31724215ABD8DD00160263 /* tabbar_favorites_highlighted.png */; };
		DD31725715ABD8DD00160263 /* tabbar_favorites_highlighted@2x.png in Resources */ = {isa = PBXBuildFile; fileRef = DD31724315ABD8DD00160263 /* tabbar_favorites_highlighted@2x.png */; };
		DD31725815ABD8DD00160263 /* tabbar_favorites.png in Resources */ = {isa = PBXBuildFile; fileRef = DD31724415ABD8DD00160263 /* tabbar_favorites.png */; };
		DD31725915ABD8DD00160263 /* tabbar_favorites@2x.png in Resources */ = {isa = PBXBuildFile; fileRef = DD31724515ABD8DD00160263 /* tabbar_favorites@2x.png */; };
		DD31725A15ABD8DD00160263 /* tabbar_home_highlighted.png in Resources */ = {isa = PBXBuildFile; fileRef = DD31724615ABD8DD00160263 /* tabbar_home_highlighted.png */; };
		DD31725B15ABD8DD00160263 /* tabbar_home_highlighted@2x.png in Resources */ = {isa = PBXBuildFile; fileRef = DD31724715ABD8DD00160263 /* tabbar_home_highlighted@2x.png */; };
		DD31725C15ABD8DD00160263 /* tabbar_home.png in Resources */ = {isa = PBXBuildFile; fileRef = DD31724815ABD8DD00160263 /* tabbar_home.png */; };
		DD31725D15ABD8DD00160263 /* tabbar_home@2x.png in Resources */ = {isa = PBXBuildFile; fileRef = DD31724915ABD8DD00160263 /* tabbar_home@2x.png */; };
		DD31725E15ABD8DD00160263 /* tabbar_message_highlighted.png in Resources */ = {isa = PBXBuildFile; fileRef = DD31724A15ABD8DD00160263 /* tabbar_message_highlighted.png */; };
		DD31725F15ABD8DD00160263 /* tabbar_message_highlighted@2x.png in Resources */ = {isa = PBXBuildFile; fileRef = DD31724B15ABD8DD00160263 /* tabbar_message_highlighted@2x.png */; };
		DD31726015ABD8DD00160263 /* tabbar_message.png in Resources */ = {isa = PBXBuildFile; fileRef = DD31724C15ABD8DD00160263 /* tabbar_message.png */; };
		DD31726115ABD8DD00160263 /* tabbar_message@2x.png in Resources */ = {isa = PBXBuildFile; fileRef = DD31724D15ABD8DD00160263 /* tabbar_message@2x.png */; };
		DD31726215ABD8DD00160263 /* tb_arrow.png in Resources */ = {isa = PBXBuildFile; fileRef = DD31724E15ABD8DD00160263 /* tb_arrow.png */; };
		DD31726315ABD8DD00160263 /* tb_arrow@2x.png in Resources */ = {isa = PBXBuildFile; fileRef = DD31724F15ABD8DD00160263 /* tb_arrow@2x.png */; };
		DD31726515ABDA2C00160263 /* QuartzCore.framework in Frameworks */ = {isa = PBXBuildFile; fileRef = DD31726415ABDA2C00160263 /* QuartzCore.framework */; };
		DD4C7C3C15AD1D19006C80C2 /* NSData+Base64.m in Sources */ = {isa = PBXBuildFile; fileRef = DD4C7C2A15AD1D19006C80C2 /* NSData+Base64.m */; };
		DD4C7C3D15AD1D19006C80C2 /* NSDate+RFC1123.m in Sources */ = {isa = PBXBuildFile; fileRef = DD4C7C2C15AD1D19006C80C2 /* NSDate+RFC1123.m */; };
		DD4C7C3E15AD1D19006C80C2 /* NSDictionary+RequestEncoding.m in Sources */ = {isa = PBXBuildFile; fileRef = DD4C7C2E15AD1D19006C80C2 /* NSDictionary+RequestEncoding.m */; };
		DD4C7C3F15AD1D19006C80C2 /* NSString+MKNetworkKitAdditions.m in Sources */ = {isa = PBXBuildFile; fileRef = DD4C7C3015AD1D19006C80C2 /* NSString+MKNetworkKitAdditions.m */; };
		DD4C7C4015AD1D19006C80C2 /* UIAlertView+MKNetworkKitAdditions.m in Sources */ = {isa = PBXBuildFile; fileRef = DD4C7C3215AD1D19006C80C2 /* UIAlertView+MKNetworkKitAdditions.m */; };
		DD4C7C4115AD1D19006C80C2 /* MKNetworkEngine.m in Sources */ = {isa = PBXBuildFile; fileRef = DD4C7C3415AD1D19006C80C2 /* MKNetworkEngine.m */; };
		DD4C7C4215AD1D19006C80C2 /* MKNetworkOperation.m in Sources */ = {isa = PBXBuildFile; fileRef = DD4C7C3715AD1D19006C80C2 /* MKNetworkOperation.m */; };
		DD4C7C4315AD1D19006C80C2 /* Reachability.m in Sources */ = {isa = PBXBuildFile; fileRef = DD4C7C3A15AD1D19006C80C2 /* Reachability.m */; };
		DD4C7C4615AD1D2F006C80C2 /* CFNetwork.framework in Frameworks */ = {isa = PBXBuildFile; fileRef = DD4C7C4515AD1D2F006C80C2 /* CFNetwork.framework */; };
		DD4C7C4815AD1D35006C80C2 /* SystemConfiguration.framework in Frameworks */ = {isa = PBXBuildFile; fileRef = DD4C7C4715AD1D35006C80C2 /* SystemConfiguration.framework */; };
		DD4C7C4A15AD1D3B006C80C2 /* Security.framework in Frameworks */ = {isa = PBXBuildFile; fileRef = DD4C7C4915AD1D3B006C80C2 /* Security.framework */; };
		DD4C7C5515AD4F14006C80C2 /* ZHUWebViewController.m in Sources */ = {isa = PBXBuildFile; fileRef = DD4C7C5415AD4F14006C80C2 /* ZHUWebViewController.m */; };
		DD64156015AB0AE700C2D7C9 /* UIKit.framework in Frameworks */ = {isa = PBXBuildFile; fileRef = DD64155F15AB0AE700C2D7C9 /* UIKit.framework */; };
		DD64156215AB0AE700C2D7C9 /* Foundation.framework in Frameworks */ = {isa = PBXBuildFile; fileRef = DD64156115AB0AE700C2D7C9 /* Foundation.framework */; };
		DD64156415AB0AE700C2D7C9 /* CoreGraphics.framework in Frameworks */ = {isa = PBXBuildFile; fileRef = DD64156315AB0AE700C2D7C9 /* CoreGraphics.framework */; };
		DD64156A15AB0AE700C2D7C9 /* InfoPlist.strings in Resources */ = {isa = PBXBuildFile; fileRef = DD64156815AB0AE700C2D7C9 /* InfoPlist.strings */; };
		DD64156C15AB0AE700C2D7C9 /* main.m in Sources */ = {isa = PBXBuildFile; fileRef = DD64156B15AB0AE700C2D7C9 /* main.m */; };
		DD64157015AB0AE700C2D7C9 /* ZHUAppDelegate.m in Sources */ = {isa = PBXBuildFile; fileRef = DD64156F15AB0AE700C2D7C9 /* ZHUAppDelegate.m */; };
		DD64158C15AB0AE700C2D7C9 /* SenTestingKit.framework in Frameworks */ = {isa = PBXBuildFile; fileRef = DD64158B15AB0AE700C2D7C9 /* SenTestingKit.framework */; };
		DD64158D15AB0AE700C2D7C9 /* UIKit.framework in Frameworks */ = {isa = PBXBuildFile; fileRef = DD64155F15AB0AE700C2D7C9 /* UIKit.framework */; };
		DD64158E15AB0AE700C2D7C9 /* Foundation.framework in Frameworks */ = {isa = PBXBuildFile; fileRef = DD64156115AB0AE700C2D7C9 /* Foundation.framework */; };
		DD64159615AB0AE700C2D7C9 /* InfoPlist.strings in Resources */ = {isa = PBXBuildFile; fileRef = DD64159415AB0AE700C2D7C9 /* InfoPlist.strings */; };
		DD64159915AB0AE700C2D7C9 /* oauthshareTests.m in Sources */ = {isa = PBXBuildFile; fileRef = DD64159815AB0AE700C2D7C9 /* oauthshareTests.m */; };
		DD6415C715AB0F4100C2D7C9 /* ZHUAdditions.m in Sources */ = {isa = PBXBuildFile; fileRef = DD6415C615AB0F4100C2D7C9 /* ZHUAdditions.m */; };
		DD6415DD15AB0FAA00C2D7C9 /* ZHUBadgeView.m in Sources */ = {isa = PBXBuildFile; fileRef = DD6415D615AB0FAA00C2D7C9 /* ZHUBadgeView.m */; };
		DD6415DE15AB0FAA00C2D7C9 /* ZHUTabBar.m in Sources */ = {isa = PBXBuildFile; fileRef = DD6415D815AB0FAA00C2D7C9 /* ZHUTabBar.m */; };
		DD6415DF15AB0FAA00C2D7C9 /* ZHUTabBarViewController.m in Sources */ = {isa = PBXBuildFile; fileRef = DD6415DA15AB0FAA00C2D7C9 /* ZHUTabBarViewController.m */; };
		DD6415E015AB0FAA00C2D7C9 /* ZHUTabBtn.m in Sources */ = {isa = PBXBuildFile; fileRef = DD6415DC15AB0FAA00C2D7C9 /* ZHUTabBtn.m */; };
		DD7844AE15B51727006497EA /* ZHUResponse.m in Sources */ = {isa = PBXBuildFile; fileRef = DD7844AD15B51727006497EA /* ZHUResponse.m */; };
		DD8EC45C15AD6A7A002EE03B /* ZHUWeiboMgr.m in Sources */ = {isa = PBXBuildFile; fileRef = DD8EC45B15AD6A7A002EE03B /* ZHUWeiboMgr.m */; };
		DD8EC46315AD6F30002EE03B /* ZHUOauthWebViewController.m in Sources */ = {isa = PBXBuildFile; fileRef = DD8EC46215AD6F30002EE03B /* ZHUOauthWebViewController.m */; };
		DD8EC46615AD6FC7002EE03B /* ZHUSinaWeibomgr.m in Sources */ = {isa = PBXBuildFile; fileRef = DD8EC46515AD6FC7002EE03B /* ZHUSinaWeibomgr.m */; };
		DD8EC46B15AD801A002EE03B /* ZHUUtil.m in Sources */ = {isa = PBXBuildFile; fileRef = DD8EC46A15AD8019002EE03B /* ZHUUtil.m */; };
		DD8EC47015ADD0A9002EE03B /* GTMBase64.m in Sources */ = {isa = PBXBuildFile; fileRef = DD8EC46E15ADD0A9002EE03B /* GTMBase64.m */; };
		DD92CBA915B3F94900F436B6 /* bg.png in Resources */ = {isa = PBXBuildFile; fileRef = DD92CBA715B3F94900F436B6 /* bg.png */; };
		DD92CBAA15B3F94900F436B6 /* bg@2x.png in Resources */ = {isa = PBXBuildFile; fileRef = DD92CBA815B3F94900F436B6 /* bg@2x.png */; };
		DD94A47515B294A500E23F96 /* ZHUSinaStatuses.m in Sources */ = {isa = PBXBuildFile; fileRef = DD94A47415B294A500E23F96 /* ZHUSinaStatuses.m */; };
		DD9CE89215B0114700D9EF57 /* ZHUImageView.m in Sources */ = {isa = PBXBuildFile; fileRef = DD9CE89115B0114700D9EF57 /* ZHUImageView.m */; };
		DD9CE8AC15B0490400D9EF57 /* ZHUTableContentView.m in Sources */ = {isa = PBXBuildFile; fileRef = DD9CE8AB15B0490400D9EF57 /* ZHUTableContentView.m */; };
		DD9CE8AF15B04D4700D9EF57 /* ZHUTimeLineContentView.m in Sources */ = {isa = PBXBuildFile; fileRef = DD9CE8AE15B04D4600D9EF57 /* ZHUTimeLineContentView.m */; };
/* End PBXBuildFile section */

/* Begin PBXContainerItemProxy section */
		DD64158F15AB0AE700C2D7C9 /* PBXContainerItemProxy */ = {
			isa = PBXContainerItemProxy;
			containerPortal = DD64155215AB0AE700C2D7C9 /* Project object */;
			proxyType = 1;
			remoteGlobalIDString = DD64155A15AB0AE700C2D7C9;
			remoteInfo = oauthshare;
		};
/* End PBXContainerItemProxy section */

/* Begin PBXFileReference section */
		1E8CED6015AE720500531334 /* ZHUWBRequestEngine.h */ = {isa = PBXFileReference; fileEncoding = 4; lastKnownFileType = sourcecode.c.h; path = ZHUWBRequestEngine.h; sourceTree = "<group>"; };
		1E8CED6115AE720500531334 /* ZHUWBRequestEngine.m */ = {isa = PBXFileReference; fileEncoding = 4; lastKnownFileType = sourcecode.c.objc; path = ZHUWBRequestEngine.m; sourceTree = "<group>"; };
		1E8CED7315AE787D00531334 /* ZHUWBRequest.h */ = {isa = PBXFileReference; fileEncoding = 4; lastKnownFileType = sourcecode.c.h; path = ZHUWBRequest.h; sourceTree = "<group>"; };
		1E8CED7415AE787D00531334 /* ZHUWBRequest.m */ = {isa = PBXFileReference; fileEncoding = 4; lastKnownFileType = sourcecode.c.objc; path = ZHUWBRequest.m; sourceTree = "<group>"; };
		1E8CED7E15AE7F5100531334 /* ZHUWBData.h */ = {isa = PBXFileReference; fileEncoding = 4; lastKnownFileType = sourcecode.c.h; path = ZHUWBData.h; sourceTree = "<group>"; };
		1E8CED7F15AE7F5100531334 /* ZHUWBData.m */ = {isa = PBXFileReference; fileEncoding = 4; lastKnownFileType = sourcecode.c.objc; path = ZHUWBData.m; sourceTree = "<group>"; };
		1EA12F5115AEA3CF0096EF4E /* ZHUSinaWBRequestEngine.h */ = {isa = PBXFileReference; fileEncoding = 4; lastKnownFileType = sourcecode.c.h; path = ZHUSinaWBRequestEngine.h; sourceTree = "<group>"; };
		1EA12F5215AEA3CF0096EF4E /* ZHUSinaWBRequestEngine.m */ = {isa = PBXFileReference; fileEncoding = 4; lastKnownFileType = sourcecode.c.objc; path = ZHUSinaWBRequestEngine.m; sourceTree = "<group>"; };
		1EA12F5415AEB2330096EF4E /* ZHUTableViewCell.h */ = {isa = PBXFileReference; fileEncoding = 4; lastKnownFileType = sourcecode.c.h; path = ZHUTableViewCell.h; sourceTree = "<group>"; };
		1EA12F5515AEB2330096EF4E /* ZHUTableViewCell.m */ = {isa = PBXFileReference; fileEncoding = 4; lastKnownFileType = sourcecode.c.objc; path = ZHUTableViewCell.m; sourceTree = "<group>"; };
		1EA12F6515AEBF9F0096EF4E /* ZHUSinaUser.h */ = {isa = PBXFileReference; fileEncoding = 4; lastKnownFileType = sourcecode.c.h; path = ZHUSinaUser.h; sourceTree = "<group>"; };
		1EA12F6615AEBFA00096EF4E /* ZHUSinaUser.m */ = {isa = PBXFileReference; fileEncoding = 4; lastKnownFileType = sourcecode.c.objc; path = ZHUSinaUser.m; sourceTree = "<group>"; };
		1EA12F6815AEBFB60096EF4E /* ZHUSinaGeo.h */ = {isa = PBXFileReference; fileEncoding = 4; lastKnownFileType = sourcecode.c.h; path = ZHUSinaGeo.h; sourceTree = "<group>"; };
		1EA12F6915AEBFB60096EF4E /* ZHUSinaGeo.m */ = {isa = PBXFileReference; fileEncoding = 4; lastKnownFileType = sourcecode.c.objc; path = ZHUSinaGeo.m; sourceTree = "<group>"; };
		1EA12F6B15AECE4B0096EF4E /* ZHUTimeLineTableViewCell.h */ = {isa = PBXFileReference; fileEncoding = 4; lastKnownFileType = sourcecode.c.h; path = ZHUTimeLineTableViewCell.h; sourceTree = "<group>"; };
		1EA12F6C15AECE4B0096EF4E /* ZHUTimeLineTableViewCell.m */ = {isa = PBXFileReference; fileEncoding = 4; lastKnownFileType = sourcecode.c.objc; path = ZHUTimeLineTableViewCell.m; sourceTree = "<group>"; };
		DD27D30C15AC229C005B638F /* ZHUViewController.h */ = {isa = PBXFileReference; fileEncoding = 4; lastKnownFileType = sourcecode.c.h; path = ZHUViewController.h; sourceTree = "<group>"; };
		DD27D30D15AC229C005B638F /* ZHUViewController.m */ = {isa = PBXFileReference; fileEncoding = 4; lastKnownFileType = sourcecode.c.objc; path = ZHUViewController.m; sourceTree = "<group>"; };
		DD31722D15ABCE2100160263 /* SVPullToRefresh.h */ = {isa = PBXFileReference; fileEncoding = 4; lastKnownFileType = sourcecode.c.h; path = SVPullToRefresh.h; sourceTree = "<group>"; };
		DD31722E15ABCE2100160263 /* SVPullToRefresh.m */ = {isa = PBXFileReference; fileEncoding = 4; lastKnownFileType = sourcecode.c.objc; path = SVPullToRefresh.m; sourceTree = "<group>"; };
		DD31723115ABCE4E00160263 /* ZHUTableViewController.h */ = {isa = PBXFileReference; fileEncoding = 4; lastKnownFileType = sourcecode.c.h; path = ZHUTableViewController.h; sourceTree = "<group>"; };
		DD31723215ABCE4E00160263 /* ZHUTableViewController.m */ = {isa = PBXFileReference; fileEncoding = 4; lastKnownFileType = sourcecode.c.objc; path = ZHUTableViewController.m; sourceTree = "<group>"; };
		DD31723615ABD4D500160263 /* ZHUTimeLineViewController.h */ = {isa = PBXFileReference; fileEncoding = 4; lastKnownFileType = sourcecode.c.h; path = ZHUTimeLineViewController.h; sourceTree = "<group>"; };
		DD31723715ABD4D500160263 /* ZHUTimeLineViewController.m */ = {isa = PBXFileReference; fileEncoding = 4; lastKnownFileType = sourcecode.c.objc; path = ZHUTimeLineViewController.m; sourceTree = "<group>"; };
		DD31723C15ABD8DD00160263 /* tb_background.png */ = {isa = PBXFileReference; lastKnownFileType = image.png; path = tb_background.png; sourceTree = "<group>"; };
		DD31723D15ABD8DD00160263 /* tb_background@2x.png */ = {isa = PBXFileReference; lastKnownFileType = image.png; path = "tb_background@2x.png"; sourceTree = "<group>"; };
		DD31723E15ABD8DD00160263 /* tabbar_discover_highlighted.png */ = {isa = PBXFileReference; lastKnownFileType = image.png; path = tabbar_discover_highlighted.png; sourceTree = "<group>"; };
		DD31723F15ABD8DD00160263 /* tabbar_discover_highlighted@2x.png */ = {isa = PBXFileReference; lastKnownFileType = image.png; path = "tabbar_discover_highlighted@2x.png"; sourceTree = "<group>"; };
		DD31724015ABD8DD00160263 /* tabbar_discover.png */ = {isa = PBXFileReference; lastKnownFileType = image.png; path = tabbar_discover.png; sourceTree = "<group>"; };
		DD31724115ABD8DD00160263 /* tabbar_discover@2x.png */ = {isa = PBXFileReference; lastKnownFileType = image.png; path = "tabbar_discover@2x.png"; sourceTree = "<group>"; };
		DD31724215ABD8DD00160263 /* tabbar_favorites_highlighted.png */ = {isa = PBXFileReference; lastKnownFileType = image.png; path = tabbar_favorites_highlighted.png; sourceTree = "<group>"; };
		DD31724315ABD8DD00160263 /* tabbar_favorites_highlighted@2x.png */ = {isa = PBXFileReference; lastKnownFileType = image.png; path = "tabbar_favorites_highlighted@2x.png"; sourceTree = "<group>"; };
		DD31724415ABD8DD00160263 /* tabbar_favorites.png */ = {isa = PBXFileReference; lastKnownFileType = image.png; path = tabbar_favorites.png; sourceTree = "<group>"; };
		DD31724515ABD8DD00160263 /* tabbar_favorites@2x.png */ = {isa = PBXFileReference; lastKnownFileType = image.png; path = "tabbar_favorites@2x.png"; sourceTree = "<group>"; };
		DD31724615ABD8DD00160263 /* tabbar_home_highlighted.png */ = {isa = PBXFileReference; lastKnownFileType = image.png; path = tabbar_home_highlighted.png; sourceTree = "<group>"; };
		DD31724715ABD8DD00160263 /* tabbar_home_highlighted@2x.png */ = {isa = PBXFileReference; lastKnownFileType = image.png; path = "tabbar_home_highlighted@2x.png"; sourceTree = "<group>"; };
		DD31724815ABD8DD00160263 /* tabbar_home.png */ = {isa = PBXFileReference; lastKnownFileType = image.png; path = tabbar_home.png; sourceTree = "<group>"; };
		DD31724915ABD8DD00160263 /* tabbar_home@2x.png */ = {isa = PBXFileReference; lastKnownFileType = image.png; path = "tabbar_home@2x.png"; sourceTree = "<group>"; };
		DD31724A15ABD8DD00160263 /* tabbar_message_highlighted.png */ = {isa = PBXFileReference; lastKnownFileType = image.png; path = tabbar_message_highlighted.png; sourceTree = "<group>"; };
		DD31724B15ABD8DD00160263 /* tabbar_message_highlighted@2x.png */ = {isa = PBXFileReference; lastKnownFileType = image.png; path = "tabbar_message_highlighted@2x.png"; sourceTree = "<group>"; };
		DD31724C15ABD8DD00160263 /* tabbar_message.png */ = {isa = PBXFileReference; lastKnownFileType = image.png; path = tabbar_message.png; sourceTree = "<group>"; };
		DD31724D15ABD8DD00160263 /* tabbar_message@2x.png */ = {isa = PBXFileReference; lastKnownFileType = image.png; path = "tabbar_message@2x.png"; sourceTree = "<group>"; };
		DD31724E15ABD8DD00160263 /* tb_arrow.png */ = {isa = PBXFileReference; lastKnownFileType = image.png; path = tb_arrow.png; sourceTree = "<group>"; };
		DD31724F15ABD8DD00160263 /* tb_arrow@2x.png */ = {isa = PBXFileReference; lastKnownFileType = image.png; path = "tb_arrow@2x.png"; sourceTree = "<group>"; };
		DD31726415ABDA2C00160263 /* QuartzCore.framework */ = {isa = PBXFileReference; lastKnownFileType = wrapper.framework; name = QuartzCore.framework; path = System/Library/Frameworks/QuartzCore.framework; sourceTree = SDKROOT; };
		DD4C7C2915AD1D19006C80C2 /* NSData+Base64.h */ = {isa = PBXFileReference; fileEncoding = 4; lastKnownFileType = sourcecode.c.h; path = "NSData+Base64.h"; sourceTree = "<group>"; };
		DD4C7C2A15AD1D19006C80C2 /* NSData+Base64.m */ = {isa = PBXFileReference; fileEncoding = 4; lastKnownFileType = sourcecode.c.objc; path = "NSData+Base64.m"; sourceTree = "<group>"; };
		DD4C7C2B15AD1D19006C80C2 /* NSDate+RFC1123.h */ = {isa = PBXFileReference; fileEncoding = 4; lastKnownFileType = sourcecode.c.h; path = "NSDate+RFC1123.h"; sourceTree = "<group>"; };
		DD4C7C2C15AD1D19006C80C2 /* NSDate+RFC1123.m */ = {isa = PBXFileReference; fileEncoding = 4; lastKnownFileType = sourcecode.c.objc; path = "NSDate+RFC1123.m"; sourceTree = "<group>"; };
		DD4C7C2D15AD1D19006C80C2 /* NSDictionary+RequestEncoding.h */ = {isa = PBXFileReference; fileEncoding = 4; lastKnownFileType = sourcecode.c.h; path = "NSDictionary+RequestEncoding.h"; sourceTree = "<group>"; };
		DD4C7C2E15AD1D19006C80C2 /* NSDictionary+RequestEncoding.m */ = {isa = PBXFileReference; fileEncoding = 4; lastKnownFileType = sourcecode.c.objc; path = "NSDictionary+RequestEncoding.m"; sourceTree = "<group>"; };
		DD4C7C2F15AD1D19006C80C2 /* NSString+MKNetworkKitAdditions.h */ = {isa = PBXFileReference; fileEncoding = 4; lastKnownFileType = sourcecode.c.h; path = "NSString+MKNetworkKitAdditions.h"; sourceTree = "<group>"; };
		DD4C7C3015AD1D19006C80C2 /* NSString+MKNetworkKitAdditions.m */ = {isa = PBXFileReference; fileEncoding = 4; lastKnownFileType = sourcecode.c.objc; path = "NSString+MKNetworkKitAdditions.m"; sourceTree = "<group>"; };
		DD4C7C3115AD1D19006C80C2 /* UIAlertView+MKNetworkKitAdditions.h */ = {isa = PBXFileReference; fileEncoding = 4; lastKnownFileType = sourcecode.c.h; path = "UIAlertView+MKNetworkKitAdditions.h"; sourceTree = "<group>"; };
		DD4C7C3215AD1D19006C80C2 /* UIAlertView+MKNetworkKitAdditions.m */ = {isa = PBXFileReference; fileEncoding = 4; lastKnownFileType = sourcecode.c.objc; path = "UIAlertView+MKNetworkKitAdditions.m"; sourceTree = "<group>"; };
		DD4C7C3315AD1D19006C80C2 /* MKNetworkEngine.h */ = {isa = PBXFileReference; fileEncoding = 4; lastKnownFileType = sourcecode.c.h; path = MKNetworkEngine.h; sourceTree = "<group>"; };
		DD4C7C3415AD1D19006C80C2 /* MKNetworkEngine.m */ = {isa = PBXFileReference; fileEncoding = 4; lastKnownFileType = sourcecode.c.objc; path = MKNetworkEngine.m; sourceTree = "<group>"; };
		DD4C7C3515AD1D19006C80C2 /* MKNetworkKit.h */ = {isa = PBXFileReference; fileEncoding = 4; lastKnownFileType = sourcecode.c.h; path = MKNetworkKit.h; sourceTree = "<group>"; };
		DD4C7C3615AD1D19006C80C2 /* MKNetworkOperation.h */ = {isa = PBXFileReference; fileEncoding = 4; lastKnownFileType = sourcecode.c.h; path = MKNetworkOperation.h; sourceTree = "<group>"; };
		DD4C7C3715AD1D19006C80C2 /* MKNetworkOperation.m */ = {isa = PBXFileReference; fileEncoding = 4; lastKnownFileType = sourcecode.c.objc; path = MKNetworkOperation.m; sourceTree = "<group>"; };
		DD4C7C3915AD1D19006C80C2 /* Reachability.h */ = {isa = PBXFileReference; fileEncoding = 4; lastKnownFileType = sourcecode.c.h; path = Reachability.h; sourceTree = "<group>"; };
		DD4C7C3A15AD1D19006C80C2 /* Reachability.m */ = {isa = PBXFileReference; fileEncoding = 4; lastKnownFileType = sourcecode.c.objc; path = Reachability.m; sourceTree = "<group>"; };
		DD4C7C4515AD1D2F006C80C2 /* CFNetwork.framework */ = {isa = PBXFileReference; lastKnownFileType = wrapper.framework; name = CFNetwork.framework; path = System/Library/Frameworks/CFNetwork.framework; sourceTree = SDKROOT; };
		DD4C7C4715AD1D35006C80C2 /* SystemConfiguration.framework */ = {isa = PBXFileReference; lastKnownFileType = wrapper.framework; name = SystemConfiguration.framework; path = System/Library/Frameworks/SystemConfiguration.framework; sourceTree = SDKROOT; };
		DD4C7C4915AD1D3B006C80C2 /* Security.framework */ = {isa = PBXFileReference; lastKnownFileType = wrapper.framework; name = Security.framework; path = System/Library/Frameworks/Security.framework; sourceTree = SDKROOT; };
		DD4C7C5315AD4F14006C80C2 /* ZHUWebViewController.h */ = {isa = PBXFileReference; fileEncoding = 4; lastKnownFileType = sourcecode.c.h; path = ZHUWebViewController.h; sourceTree = "<group>"; };
		DD4C7C5415AD4F14006C80C2 /* ZHUWebViewController.m */ = {isa = PBXFileReference; fileEncoding = 4; lastKnownFileType = sourcecode.c.objc; path = ZHUWebViewController.m; sourceTree = "<group>"; };
		DD64155B15AB0AE700C2D7C9 /* oauthshare.app */ = {isa = PBXFileReference; explicitFileType = wrapper.application; includeInIndex = 0; path = oauthshare.app; sourceTree = BUILT_PRODUCTS_DIR; };
		DD64155F15AB0AE700C2D7C9 /* UIKit.framework */ = {isa = PBXFileReference; lastKnownFileType = wrapper.framework; name = UIKit.framework; path = System/Library/Frameworks/UIKit.framework; sourceTree = SDKROOT; };
		DD64156115AB0AE700C2D7C9 /* Foundation.framework */ = {isa = PBXFileReference; lastKnownFileType = wrapper.framework; name = Foundation.framework; path = System/Library/Frameworks/Foundation.framework; sourceTree = SDKROOT; };
		DD64156315AB0AE700C2D7C9 /* CoreGraphics.framework */ = {isa = PBXFileReference; lastKnownFileType = wrapper.framework; name = CoreGraphics.framework; path = System/Library/Frameworks/CoreGraphics.framework; sourceTree = SDKROOT; };
		DD64156715AB0AE700C2D7C9 /* oauthshare-Info.plist */ = {isa = PBXFileReference; lastKnownFileType = text.plist.xml; path = "oauthshare-Info.plist"; sourceTree = "<group>"; };
		DD64156915AB0AE700C2D7C9 /* en */ = {isa = PBXFileReference; lastKnownFileType = text.plist.strings; name = en; path = en.lproj/InfoPlist.strings; sourceTree = "<group>"; };
		DD64156B15AB0AE700C2D7C9 /* main.m */ = {isa = PBXFileReference; lastKnownFileType = sourcecode.c.objc; path = main.m; sourceTree = "<group>"; };
		DD64156D15AB0AE700C2D7C9 /* oauthshare-Prefix.pch */ = {isa = PBXFileReference; lastKnownFileType = sourcecode.c.h; path = "oauthshare-Prefix.pch"; sourceTree = "<group>"; };
		DD64156E15AB0AE700C2D7C9 /* ZHUAppDelegate.h */ = {isa = PBXFileReference; lastKnownFileType = sourcecode.c.h; path = ZHUAppDelegate.h; sourceTree = "<group>"; };
		DD64156F15AB0AE700C2D7C9 /* ZHUAppDelegate.m */ = {isa = PBXFileReference; lastKnownFileType = sourcecode.c.objc; path = ZHUAppDelegate.m; sourceTree = "<group>"; };
		DD64158A15AB0AE700C2D7C9 /* oauthshareTests.octest */ = {isa = PBXFileReference; explicitFileType = wrapper.cfbundle; includeInIndex = 0; path = oauthshareTests.octest; sourceTree = BUILT_PRODUCTS_DIR; };
		DD64158B15AB0AE700C2D7C9 /* SenTestingKit.framework */ = {isa = PBXFileReference; lastKnownFileType = wrapper.framework; name = SenTestingKit.framework; path = Library/Frameworks/SenTestingKit.framework; sourceTree = DEVELOPER_DIR; };
		DD64159315AB0AE700C2D7C9 /* oauthshareTests-Info.plist */ = {isa = PBXFileReference; lastKnownFileType = text.plist.xml; path = "oauthshareTests-Info.plist"; sourceTree = "<group>"; };
		DD64159515AB0AE700C2D7C9 /* en */ = {isa = PBXFileReference; lastKnownFileType = text.plist.strings; name = en; path = en.lproj/InfoPlist.strings; sourceTree = "<group>"; };
		DD64159715AB0AE700C2D7C9 /* oauthshareTests.h */ = {isa = PBXFileReference; lastKnownFileType = sourcecode.c.h; path = oauthshareTests.h; sourceTree = "<group>"; };
		DD64159815AB0AE700C2D7C9 /* oauthshareTests.m */ = {isa = PBXFileReference; lastKnownFileType = sourcecode.c.objc; path = oauthshareTests.m; sourceTree = "<group>"; };
		DD6415C515AB0F4100C2D7C9 /* ZHUAdditions.h */ = {isa = PBXFileReference; fileEncoding = 4; lastKnownFileType = sourcecode.c.h; path = ZHUAdditions.h; sourceTree = "<group>"; };
		DD6415C615AB0F4100C2D7C9 /* ZHUAdditions.m */ = {isa = PBXFileReference; fileEncoding = 4; lastKnownFileType = sourcecode.c.objc; path = ZHUAdditions.m; sourceTree = "<group>"; };
		DD6415C815AB0F5000C2D7C9 /* ZHUDef.h */ = {isa = PBXFileReference; fileEncoding = 4; lastKnownFileType = sourcecode.c.h; path = ZHUDef.h; sourceTree = "<group>"; };
		DD6415D515AB0FAA00C2D7C9 /* ZHUBadgeView.h */ = {isa = PBXFileReference; fileEncoding = 4; lastKnownFileType = sourcecode.c.h; name = ZHUBadgeView.h; path = customTabBarController/zhuTabbarController/ZHUBadgeView.h; sourceTree = SOURCE_ROOT; };
		DD6415D615AB0FAA00C2D7C9 /* ZHUBadgeView.m */ = {isa = PBXFileReference; fileEncoding = 4; lastKnownFileType = sourcecode.c.objc; name = ZHUBadgeView.m; path = customTabBarController/zhuTabbarController/ZHUBadgeView.m; sourceTree = SOURCE_ROOT; };
		DD6415D715AB0FAA00C2D7C9 /* ZHUTabBar.h */ = {isa = PBXFileReference; fileEncoding = 4; lastKnownFileType = sourcecode.c.h; name = ZHUTabBar.h; path = customTabBarController/zhuTabbarController/ZHUTabBar.h; sourceTree = SOURCE_ROOT; };
		DD6415D815AB0FAA00C2D7C9 /* ZHUTabBar.m */ = {isa = PBXFileReference; fileEncoding = 4; lastKnownFileType = sourcecode.c.objc; name = ZHUTabBar.m; path = customTabBarController/zhuTabbarController/ZHUTabBar.m; sourceTree = SOURCE_ROOT; };
		DD6415D915AB0FAA00C2D7C9 /* ZHUTabBarViewController.h */ = {isa = PBXFileReference; fileEncoding = 4; lastKnownFileType = sourcecode.c.h; name = ZHUTabBarViewController.h; path = customTabBarController/zhuTabbarController/ZHUTabBarViewController.h; sourceTree = SOURCE_ROOT; };
		DD6415DA15AB0FAA00C2D7C9 /* ZHUTabBarViewController.m */ = {isa = PBXFileReference; fileEncoding = 4; lastKnownFileType = sourcecode.c.objc; name = ZHUTabBarViewController.m; path = customTabBarController/zhuTabbarController/ZHUTabBarViewController.m; sourceTree = SOURCE_ROOT; };
		DD6415DB15AB0FAA00C2D7C9 /* ZHUTabBtn.h */ = {isa = PBXFileReference; fileEncoding = 4; lastKnownFileType = sourcecode.c.h; name = ZHUTabBtn.h; path = customTabBarController/zhuTabbarController/ZHUTabBtn.h; sourceTree = SOURCE_ROOT; };
		DD6415DC15AB0FAA00C2D7C9 /* ZHUTabBtn.m */ = {isa = PBXFileReference; fileEncoding = 4; lastKnownFileType = sourcecode.c.objc; name = ZHUTabBtn.m; path = customTabBarController/zhuTabbarController/ZHUTabBtn.m; sourceTree = SOURCE_ROOT; };
		DD7844AC15B51727006497EA /* ZHUResponse.h */ = {isa = PBXFileReference; fileEncoding = 4; lastKnownFileType = sourcecode.c.h; path = ZHUResponse.h; sourceTree = "<group>"; };
		DD7844AD15B51727006497EA /* ZHUResponse.m */ = {isa = PBXFileReference; fileEncoding = 4; lastKnownFileType = sourcecode.c.objc; path = ZHUResponse.m; sourceTree = "<group>"; };
		DD8EC45A15AD6A7A002EE03B /* ZHUWeiboMgr.h */ = {isa = PBXFileReference; fileEncoding = 4; lastKnownFileType = sourcecode.c.h; path = ZHUWeiboMgr.h; sourceTree = "<group>"; };
		DD8EC45B15AD6A7A002EE03B /* ZHUWeiboMgr.m */ = {isa = PBXFileReference; fileEncoding = 4; lastKnownFileType = sourcecode.c.objc; path = ZHUWeiboMgr.m; sourceTree = "<group>"; };
		DD8EC46115AD6F30002EE03B /* ZHUOauthWebViewController.h */ = {isa = PBXFileReference; fileEncoding = 4; lastKnownFileType = sourcecode.c.h; path = ZHUOauthWebViewController.h; sourceTree = "<group>"; };
		DD8EC46215AD6F30002EE03B /* ZHUOauthWebViewController.m */ = {isa = PBXFileReference; fileEncoding = 4; lastKnownFileType = sourcecode.c.objc; path = ZHUOauthWebViewController.m; sourceTree = "<group>"; };
		DD8EC46415AD6FC7002EE03B /* ZHUSinaWeibomgr.h */ = {isa = PBXFileReference; fileEncoding = 4; lastKnownFileType = sourcecode.c.h; path = ZHUSinaWeibomgr.h; sourceTree = "<group>"; };
		DD8EC46515AD6FC7002EE03B /* ZHUSinaWeibomgr.m */ = {isa = PBXFileReference; fileEncoding = 4; lastKnownFileType = sourcecode.c.objc; path = ZHUSinaWeibomgr.m; sourceTree = "<group>"; };
		DD8EC46815AD7694002EE03B /* ZHUWeiboDef.h */ = {isa = PBXFileReference; fileEncoding = 4; lastKnownFileType = sourcecode.c.h; path = ZHUWeiboDef.h; sourceTree = "<group>"; };
		DD8EC46915AD8019002EE03B /* ZHUUtil.h */ = {isa = PBXFileReference; fileEncoding = 4; lastKnownFileType = sourcecode.c.h; path = ZHUUtil.h; sourceTree = "<group>"; };
		DD8EC46A15AD8019002EE03B /* ZHUUtil.m */ = {isa = PBXFileReference; fileEncoding = 4; lastKnownFileType = sourcecode.c.objc; path = ZHUUtil.m; sourceTree = "<group>"; };
		DD8EC46D15ADD0A9002EE03B /* GTMBase64.h */ = {isa = PBXFileReference; fileEncoding = 4; lastKnownFileType = sourcecode.c.h; path = GTMBase64.h; sourceTree = "<group>"; };
		DD8EC46E15ADD0A9002EE03B /* GTMBase64.m */ = {isa = PBXFileReference; fileEncoding = 4; lastKnownFileType = sourcecode.c.objc; path = GTMBase64.m; sourceTree = "<group>"; };
		DD8EC46F15ADD0A9002EE03B /* GTMDefines.h */ = {isa = PBXFileReference; fileEncoding = 4; lastKnownFileType = sourcecode.c.h; path = GTMDefines.h; sourceTree = "<group>"; };
		DD92CBA715B3F94900F436B6 /* bg.png */ = {isa = PBXFileReference; lastKnownFileType = image.png; path = bg.png; sourceTree = "<group>"; };
		DD92CBA815B3F94900F436B6 /* bg@2x.png */ = {isa = PBXFileReference; lastKnownFileType = image.png; path = "bg@2x.png"; sourceTree = "<group>"; };
		DD94A47315B294A500E23F96 /* ZHUSinaStatuses.h */ = {isa = PBXFileReference; fileEncoding = 4; lastKnownFileType = sourcecode.c.h; path = ZHUSinaStatuses.h; sourceTree = "<group>"; };
		DD94A47415B294A500E23F96 /* ZHUSinaStatuses.m */ = {isa = PBXFileReference; fileEncoding = 4; lastKnownFileType = sourcecode.c.objc; path = ZHUSinaStatuses.m; sourceTree = "<group>"; };
		DD9CE89015B0114700D9EF57 /* ZHUImageView.h */ = {isa = PBXFileReference; fileEncoding = 4; lastKnownFileType = sourcecode.c.h; path = ZHUImageView.h; sourceTree = "<group>"; };
		DD9CE89115B0114700D9EF57 /* ZHUImageView.m */ = {isa = PBXFileReference; fileEncoding = 4; lastKnownFileType = sourcecode.c.objc; path = ZHUImageView.m; sourceTree = "<group>"; };
		DD9CE8AA15B0490400D9EF57 /* ZHUTableContentView.h */ = {isa = PBXFileReference; fileEncoding = 4; lastKnownFileType = sourcecode.c.h; path = ZHUTableContentView.h; sourceTree = "<group>"; };
		DD9CE8AB15B0490400D9EF57 /* ZHUTableContentView.m */ = {isa = PBXFileReference; fileEncoding = 4; lastKnownFileType = sourcecode.c.objc; path = ZHUTableContentView.m; sourceTree = "<group>"; };
		DD9CE8AD15B04D4600D9EF57 /* ZHUTimeLineContentView.h */ = {isa = PBXFileReference; fileEncoding = 4; lastKnownFileType = sourcecode.c.h; path = ZHUTimeLineContentView.h; sourceTree = "<group>"; };
		DD9CE8AE15B04D4600D9EF57 /* ZHUTimeLineContentView.m */ = {isa = PBXFileReference; fileEncoding = 4; lastKnownFileType = sourcecode.c.objc; path = ZHUTimeLineContentView.m; sourceTree = "<group>"; };
/* End PBXFileReference section */

/* Begin PBXFrameworksBuildPhase section */
		DD64155815AB0AE700C2D7C9 /* Frameworks */ = {
			isa = PBXFrameworksBuildPhase;
			buildActionMask = 2147483647;
			files = (
				DD4C7C4A15AD1D3B006C80C2 /* Security.framework in Frameworks */,
				DD4C7C4815AD1D35006C80C2 /* SystemConfiguration.framework in Frameworks */,
				DD4C7C4615AD1D2F006C80C2 /* CFNetwork.framework in Frameworks */,
				DD31726515ABDA2C00160263 /* QuartzCore.framework in Frameworks */,
				DD64156415AB0AE700C2D7C9 /* CoreGraphics.framework in Frameworks */,
				DD64156015AB0AE700C2D7C9 /* UIKit.framework in Frameworks */,
				DD64156215AB0AE700C2D7C9 /* Foundation.framework in Frameworks */,
			);
			runOnlyForDeploymentPostprocessing = 0;
		};
		DD64158615AB0AE700C2D7C9 /* Frameworks */ = {
			isa = PBXFrameworksBuildPhase;
			buildActionMask = 2147483647;
			files = (
				DD64158C15AB0AE700C2D7C9 /* SenTestingKit.framework in Frameworks */,
				DD64158D15AB0AE700C2D7C9 /* UIKit.framework in Frameworks */,
				DD64158E15AB0AE700C2D7C9 /* Foundation.framework in Frameworks */,
			);
			runOnlyForDeploymentPostprocessing = 0;
		};
/* End PBXFrameworksBuildPhase section */

/* Begin PBXGroup section */
		1E8CED7215AE783D00531334 /* network */ = {
			isa = PBXGroup;
			children = (
				1EA12F4E15AE82DC0096EF4E /* basic */,
				1EA12F5115AEA3CF0096EF4E /* ZHUSinaWBRequestEngine.h */,
				1EA12F5215AEA3CF0096EF4E /* ZHUSinaWBRequestEngine.m */,
			);
			name = network;
			sourceTree = "<group>";
		};
		1EA12F4E15AE82DC0096EF4E /* basic */ = {
			isa = PBXGroup;
			children = (
				1E8CED6015AE720500531334 /* ZHUWBRequestEngine.h */,
				1E8CED6115AE720500531334 /* ZHUWBRequestEngine.m */,
				1E8CED7315AE787D00531334 /* ZHUWBRequest.h */,
				1E8CED7415AE787D00531334 /* ZHUWBRequest.m */,
			);
			name = basic;
			sourceTree = "<group>";
		};
		1EA12F4F15AE82F10096EF4E /* oauth */ = {
			isa = PBXGroup;
			children = (
				DD8EC46715AD6FCD002EE03B /* basic */,
				DD8EC46415AD6FC7002EE03B /* ZHUSinaWeibomgr.h */,
				DD8EC46515AD6FC7002EE03B /* ZHUSinaWeibomgr.m */,
			);
			name = oauth;
			sourceTree = "<group>";
		};
		1EA12F5015AEA2310096EF4E /* datamodel */ = {
			isa = PBXGroup;
			children = (
				1EA12F6115AEBE330096EF4E /* basic */,
				DD94A47315B294A500E23F96 /* ZHUSinaStatuses.h */,
				DD94A47415B294A500E23F96 /* ZHUSinaStatuses.m */,
				1EA12F6515AEBF9F0096EF4E /* ZHUSinaUser.h */,
				1EA12F6615AEBFA00096EF4E /* ZHUSinaUser.m */,
				1EA12F6815AEBFB60096EF4E /* ZHUSinaGeo.h */,
				1EA12F6915AEBFB60096EF4E /* ZHUSinaGeo.m */,
				DD7844AC15B51727006497EA /* ZHUResponse.h */,
				DD7844AD15B51727006497EA /* ZHUResponse.m */,
			);
			name = datamodel;
			sourceTree = "<group>";
		};
		1EA12F6115AEBE330096EF4E /* basic */ = {
			isa = PBXGroup;
			children = (
				1E8CED7E15AE7F5100531334 /* ZHUWBData.h */,
				1E8CED7F15AE7F5100531334 /* ZHUWBData.m */,
			);
			name = basic;
			sourceTree = "<group>";
		};
		DD31722C15ABCE2100160263 /* SVPullToRefresh */ = {
			isa = PBXGroup;
			children = (
				DD31722D15ABCE2100160263 /* SVPullToRefresh.h */,
				DD31722E15ABCE2100160263 /* SVPullToRefresh.m */,
			);
			path = SVPullToRefresh;
			sourceTree = "<group>";
		};
		DD31723915ABD52200160263 /* utility */ = {
			isa = PBXGroup;
			children = (
				DD6415C815AB0F5000C2D7C9 /* ZHUDef.h */,
				DD8EC46915AD8019002EE03B /* ZHUUtil.h */,
				DD8EC46A15AD8019002EE03B /* ZHUUtil.m */,
				DD6415C515AB0F4100C2D7C9 /* ZHUAdditions.h */,
				DD6415C615AB0F4100C2D7C9 /* ZHUAdditions.m */,
			);
			name = utility;
			sourceTree = "<group>";
		};
		DD31723A15ABD74600160263 /* image */ = {
			isa = PBXGroup;
			children = (
				DD92CBA715B3F94900F436B6 /* bg.png */,
				DD92CBA815B3F94900F436B6 /* bg@2x.png */,
				DD31723B15ABD82200160263 /* tabbar */,
			);
			path = image;
			sourceTree = "<group>";
		};
		DD31723B15ABD82200160263 /* tabbar */ = {
			isa = PBXGroup;
			children = (
				DD31723C15ABD8DD00160263 /* tb_background.png */,
				DD31723D15ABD8DD00160263 /* tb_background@2x.png */,
				DD31724E15ABD8DD00160263 /* tb_arrow.png */,
				DD31724F15ABD8DD00160263 /* tb_arrow@2x.png */,
				DD31723E15ABD8DD00160263 /* tabbar_discover_highlighted.png */,
				DD31723F15ABD8DD00160263 /* tabbar_discover_highlighted@2x.png */,
				DD31724015ABD8DD00160263 /* tabbar_discover.png */,
				DD31724115ABD8DD00160263 /* tabbar_discover@2x.png */,
				DD31724215ABD8DD00160263 /* tabbar_favorites_highlighted.png */,
				DD31724315ABD8DD00160263 /* tabbar_favorites_highlighted@2x.png */,
				DD31724415ABD8DD00160263 /* tabbar_favorites.png */,
				DD31724515ABD8DD00160263 /* tabbar_favorites@2x.png */,
				DD31724615ABD8DD00160263 /* tabbar_home_highlighted.png */,
				DD31724715ABD8DD00160263 /* tabbar_home_highlighted@2x.png */,
				DD31724815ABD8DD00160263 /* tabbar_home.png */,
				DD31724915ABD8DD00160263 /* tabbar_home@2x.png */,
				DD31724A15ABD8DD00160263 /* tabbar_message_highlighted.png */,
				DD31724B15ABD8DD00160263 /* tabbar_message_highlighted@2x.png */,
				DD31724C15ABD8DD00160263 /* tabbar_message.png */,
				DD31724D15ABD8DD00160263 /* tabbar_message@2x.png */,
			);
			name = tabbar;
			sourceTree = "<group>";
		};
		DD4C7C2515AD1D19006C80C2 /* MKNetworkKit */ = {
			isa = PBXGroup;
			children = (
				DD4C7C2615AD1D19006C80C2 /* Categories */,
				DD4C7C3315AD1D19006C80C2 /* MKNetworkEngine.h */,
				DD4C7C3415AD1D19006C80C2 /* MKNetworkEngine.m */,
				DD4C7C3515AD1D19006C80C2 /* MKNetworkKit.h */,
				DD4C7C3615AD1D19006C80C2 /* MKNetworkOperation.h */,
				DD4C7C3715AD1D19006C80C2 /* MKNetworkOperation.m */,
				DD4C7C3815AD1D19006C80C2 /* Reachability */,
			);
			path = MKNetworkKit;
			sourceTree = "<group>";
		};
		DD4C7C2615AD1D19006C80C2 /* Categories */ = {
			isa = PBXGroup;
			children = (
				DD4C7C2915AD1D19006C80C2 /* NSData+Base64.h */,
				DD4C7C2A15AD1D19006C80C2 /* NSData+Base64.m */,
				DD4C7C2B15AD1D19006C80C2 /* NSDate+RFC1123.h */,
				DD4C7C2C15AD1D19006C80C2 /* NSDate+RFC1123.m */,
				DD4C7C2D15AD1D19006C80C2 /* NSDictionary+RequestEncoding.h */,
				DD4C7C2E15AD1D19006C80C2 /* NSDictionary+RequestEncoding.m */,
				DD4C7C2F15AD1D19006C80C2 /* NSString+MKNetworkKitAdditions.h */,
				DD4C7C3015AD1D19006C80C2 /* NSString+MKNetworkKitAdditions.m */,
				DD4C7C3115AD1D19006C80C2 /* UIAlertView+MKNetworkKitAdditions.h */,
				DD4C7C3215AD1D19006C80C2 /* UIAlertView+MKNetworkKitAdditions.m */,
			);
			path = Categories;
			sourceTree = "<group>";
		};
		DD4C7C3815AD1D19006C80C2 /* Reachability */ = {
			isa = PBXGroup;
			children = (
				DD4C7C3915AD1D19006C80C2 /* Reachability.h */,
				DD4C7C3A15AD1D19006C80C2 /* Reachability.m */,
			);
			path = Reachability;
			sourceTree = "<group>";
		};
		DD4C7C5215AD4ED9006C80C2 /* basic */ = {
			isa = PBXGroup;
			children = (
				DD27D30C15AC229C005B638F /* ZHUViewController.h */,
				DD27D30D15AC229C005B638F /* ZHUViewController.m */,
				DD31723115ABCE4E00160263 /* ZHUTableViewController.h */,
				DD31723215ABCE4E00160263 /* ZHUTableViewController.m */,
				DD4C7C5315AD4F14006C80C2 /* ZHUWebViewController.h */,
				DD4C7C5415AD4F14006C80C2 /* ZHUWebViewController.m */,
				1EA12F5415AEB2330096EF4E /* ZHUTableViewCell.h */,
				1EA12F5515AEB2330096EF4E /* ZHUTableViewCell.m */,
				DD9CE8AA15B0490400D9EF57 /* ZHUTableContentView.h */,
				DD9CE8AB15B0490400D9EF57 /* ZHUTableContentView.m */,
			);
			name = basic;
			sourceTree = "<group>";
		};
		DD64155015AB0AE700C2D7C9 = {
			isa = PBXGroup;
			children = (
				DD64156515AB0AE700C2D7C9 /* oauthshare */,
				DD64159115AB0AE700C2D7C9 /* oauthshareTests */,
				DD64155E15AB0AE700C2D7C9 /* Frameworks */,
				DD64155C15AB0AE700C2D7C9 /* Products */,
			);
			sourceTree = "<group>";
		};
		DD64155C15AB0AE700C2D7C9 /* Products */ = {
			isa = PBXGroup;
			children = (
				DD64155B15AB0AE700C2D7C9 /* oauthshare.app */,
				DD64158A15AB0AE700C2D7C9 /* oauthshareTests.octest */,
			);
			name = Products;
			sourceTree = "<group>";
		};
		DD64155E15AB0AE700C2D7C9 /* Frameworks */ = {
			isa = PBXGroup;
			children = (
				DD4C7C4915AD1D3B006C80C2 /* Security.framework */,
				DD4C7C4715AD1D35006C80C2 /* SystemConfiguration.framework */,
				DD4C7C4515AD1D2F006C80C2 /* CFNetwork.framework */,
				DD31726415ABDA2C00160263 /* QuartzCore.framework */,
				DD64155F15AB0AE700C2D7C9 /* UIKit.framework */,
				DD64156115AB0AE700C2D7C9 /* Foundation.framework */,
				DD64156315AB0AE700C2D7C9 /* CoreGraphics.framework */,
				DD64158B15AB0AE700C2D7C9 /* SenTestingKit.framework */,
			);
			name = Frameworks;
			sourceTree = "<group>";
		};
		DD64156515AB0AE700C2D7C9 /* oauthshare */ = {
			isa = PBXGroup;
			children = (
				DD31723915ABD52200160263 /* utility */,
				1E8CED7215AE783D00531334 /* network */,
				DD8EC45915AD6A46002EE03B /* weibo */,
				DD9CE88A15B010DB00D9EF57 /* view */,
				1EA12F5015AEA2310096EF4E /* datamodel */,
				DD6415EA15AB110D00C2D7C9 /* viewcontroller */,
				DD6415E915AB10EA00C2D7C9 /* depend */,
				DD64156E15AB0AE700C2D7C9 /* ZHUAppDelegate.h */,
				DD64156F15AB0AE700C2D7C9 /* ZHUAppDelegate.m */,
				DD64156615AB0AE700C2D7C9 /* Supporting Files */,
			);
			path = oauthshare;
			sourceTree = "<group>";
		};
		DD64156615AB0AE700C2D7C9 /* Supporting Files */ = {
			isa = PBXGroup;
			children = (
				DD31723A15ABD74600160263 /* image */,
				DD64156715AB0AE700C2D7C9 /* oauthshare-Info.plist */,
				DD64156815AB0AE700C2D7C9 /* InfoPlist.strings */,
				DD64156B15AB0AE700C2D7C9 /* main.m */,
				DD64156D15AB0AE700C2D7C9 /* oauthshare-Prefix.pch */,
			);
			name = "Supporting Files";
			sourceTree = "<group>";
		};
		DD64159115AB0AE700C2D7C9 /* oauthshareTests */ = {
			isa = PBXGroup;
			children = (
				DD64159715AB0AE700C2D7C9 /* oauthshareTests.h */,
				DD64159815AB0AE700C2D7C9 /* oauthshareTests.m */,
				DD64159215AB0AE700C2D7C9 /* Supporting Files */,
			);
			path = oauthshareTests;
			sourceTree = "<group>";
		};
		DD64159215AB0AE700C2D7C9 /* Supporting Files */ = {
			isa = PBXGroup;
			children = (
				DD64159315AB0AE700C2D7C9 /* oauthshareTests-Info.plist */,
				DD64159415AB0AE700C2D7C9 /* InfoPlist.strings */,
			);
			name = "Supporting Files";
			sourceTree = "<group>";
		};
		DD6415A615AB0CDF00C2D7C9 /* customTabBarController */ = {
			isa = PBXGroup;
			children = (
				DD6415D515AB0FAA00C2D7C9 /* ZHUBadgeView.h */,
				DD6415D615AB0FAA00C2D7C9 /* ZHUBadgeView.m */,
				DD6415D715AB0FAA00C2D7C9 /* ZHUTabBar.h */,
				DD6415D815AB0FAA00C2D7C9 /* ZHUTabBar.m */,
				DD6415D915AB0FAA00C2D7C9 /* ZHUTabBarViewController.h */,
				DD6415DA15AB0FAA00C2D7C9 /* ZHUTabBarViewController.m */,
				DD6415DB15AB0FAA00C2D7C9 /* ZHUTabBtn.h */,
				DD6415DC15AB0FAA00C2D7C9 /* ZHUTabBtn.m */,
			);
			name = customTabBarController;
			sourceTree = "<group>";
		};
		DD6415E915AB10EA00C2D7C9 /* depend */ = {
			isa = PBXGroup;
			children = (
				DD8EC46C15ADD09C002EE03B /* CTMBase64 */,
				DD4C7C2515AD1D19006C80C2 /* MKNetworkKit */,
				DD31722C15ABCE2100160263 /* SVPullToRefresh */,
				DD6415A615AB0CDF00C2D7C9 /* customTabBarController */,
			);
			name = depend;
			sourceTree = "<group>";
		};
		DD6415EA15AB110D00C2D7C9 /* viewcontroller */ = {
			isa = PBXGroup;
			children = (
				DD4C7C5215AD4ED9006C80C2 /* basic */,
				DD31723615ABD4D500160263 /* ZHUTimeLineViewController.h */,
				DD31723715ABD4D500160263 /* ZHUTimeLineViewController.m */,
				1EA12F6B15AECE4B0096EF4E /* ZHUTimeLineTableViewCell.h */,
				1EA12F6C15AECE4B0096EF4E /* ZHUTimeLineTableViewCell.m */,
				DD9CE8AD15B04D4600D9EF57 /* ZHUTimeLineContentView.h */,
				DD9CE8AE15B04D4600D9EF57 /* ZHUTimeLineContentView.m */,
			);
			name = viewcontroller;
			sourceTree = "<group>";
		};
		DD8EC45915AD6A46002EE03B /* weibo */ = {
			isa = PBXGroup;
			children = (
				DD8EC46815AD7694002EE03B /* ZHUWeiboDef.h */,
				1EA12F4F15AE82F10096EF4E /* oauth */,
			);
			name = weibo;
			sourceTree = "<group>";
		};
		DD8EC46715AD6FCD002EE03B /* basic */ = {
			isa = PBXGroup;
			children = (
				DD8EC45A15AD6A7A002EE03B /* ZHUWeiboMgr.h */,
				DD8EC45B15AD6A7A002EE03B /* ZHUWeiboMgr.m */,
				DD8EC46115AD6F30002EE03B /* ZHUOauthWebViewController.h */,
				DD8EC46215AD6F30002EE03B /* ZHUOauthWebViewController.m */,
			);
			name = basic;
			sourceTree = "<group>";
		};
		DD8EC46C15ADD09C002EE03B /* CTMBase64 */ = {
			isa = PBXGroup;
			children = (
				DD8EC46D15ADD0A9002EE03B /* GTMBase64.h */,
				DD8EC46E15ADD0A9002EE03B /* GTMBase64.m */,
				DD8EC46F15ADD0A9002EE03B /* GTMDefines.h */,
			);
			name = CTMBase64;
			sourceTree = "<group>";
		};
		DD9CE88A15B010DB00D9EF57 /* view */ = {
			isa = PBXGroup;
			children = (
				DD9CE89015B0114700D9EF57 /* ZHUImageView.h */,
				DD9CE89115B0114700D9EF57 /* ZHUImageView.m */,
			);
			name = view;
			sourceTree = "<group>";
		};
/* End PBXGroup section */

/* Begin PBXNativeTarget section */
		DD64155A15AB0AE700C2D7C9 /* oauthshare */ = {
			isa = PBXNativeTarget;
			buildConfigurationList = DD64159C15AB0AE700C2D7C9 /* Build configuration list for PBXNativeTarget "oauthshare" */;
			buildPhases = (
				DD64155715AB0AE700C2D7C9 /* Sources */,
				DD64155815AB0AE700C2D7C9 /* Frameworks */,
				DD64155915AB0AE700C2D7C9 /* Resources */,
			);
			buildRules = (
			);
			dependencies = (
			);
			name = oauthshare;
			productName = oauthshare;
			productReference = DD64155B15AB0AE700C2D7C9 /* oauthshare.app */;
			productType = "com.apple.product-type.application";
		};
		DD64158915AB0AE700C2D7C9 /* oauthshareTests */ = {
			isa = PBXNativeTarget;
			buildConfigurationList = DD64159F15AB0AE700C2D7C9 /* Build configuration list for PBXNativeTarget "oauthshareTests" */;
			buildPhases = (
				DD64158515AB0AE700C2D7C9 /* Sources */,
				DD64158615AB0AE700C2D7C9 /* Frameworks */,
				DD64158715AB0AE700C2D7C9 /* Resources */,
				DD64158815AB0AE700C2D7C9 /* ShellScript */,
			);
			buildRules = (
			);
			dependencies = (
				DD64159015AB0AE700C2D7C9 /* PBXTargetDependency */,
			);
			name = oauthshareTests;
			productName = oauthshareTests;
			productReference = DD64158A15AB0AE700C2D7C9 /* oauthshareTests.octest */;
			productType = "com.apple.product-type.bundle";
		};
/* End PBXNativeTarget section */

/* Begin PBXProject section */
		DD64155215AB0AE700C2D7C9 /* Project object */ = {
			isa = PBXProject;
			attributes = {
				CLASSPREFIX = ZHU;
				LastUpgradeCheck = 0430;
				ORGANIZATIONNAME = tencent;
			};
			buildConfigurationList = DD64155515AB0AE700C2D7C9 /* Build configuration list for PBXProject "oauthshare" */;
			compatibilityVersion = "Xcode 3.2";
			developmentRegion = English;
			hasScannedForEncodings = 0;
			knownRegions = (
				en,
			);
			mainGroup = DD64155015AB0AE700C2D7C9;
			productRefGroup = DD64155C15AB0AE700C2D7C9 /* Products */;
			projectDirPath = "";
			projectRoot = "";
			targets = (
				DD64155A15AB0AE700C2D7C9 /* oauthshare */,
				DD64158915AB0AE700C2D7C9 /* oauthshareTests */,
			);
		};
/* End PBXProject section */

/* Begin PBXResourcesBuildPhase section */
		DD64155915AB0AE700C2D7C9 /* Resources */ = {
			isa = PBXResourcesBuildPhase;
			buildActionMask = 2147483647;
			files = (
				DD64156A15AB0AE700C2D7C9 /* InfoPlist.strings in Resources */,
				DD31725015ABD8DD00160263 /* tb_background.png in Resources */,
				DD31725115ABD8DD00160263 /* tb_background@2x.png in Resources */,
				DD31725215ABD8DD00160263 /* tabbar_discover_highlighted.png in Resources */,
				DD31725315ABD8DD00160263 /* tabbar_discover_highlighted@2x.png in Resources */,
				DD31725415ABD8DD00160263 /* tabbar_discover.png in Resources */,
				DD31725515ABD8DD00160263 /* tabbar_discover@2x.png in Resources */,
				DD31725615ABD8DD00160263 /* tabbar_favorites_highlighted.png in Resources */,
				DD31725715ABD8DD00160263 /* tabbar_favorites_highlighted@2x.png in Resources */,
				DD31725815ABD8DD00160263 /* tabbar_favorites.png in Resources */,
				DD31725915ABD8DD00160263 /* tabbar_favorites@2x.png in Resources */,
				DD31725A15ABD8DD00160263 /* tabbar_home_highlighted.png in Resources */,
				DD31725B15ABD8DD00160263 /* tabbar_home_highlighted@2x.png in Resources */,
				DD31725C15ABD8DD00160263 /* tabbar_home.png in Resources */,
				DD31725D15ABD8DD00160263 /* tabbar_home@2x.png in Resources */,
				DD31725E15ABD8DD00160263 /* tabbar_message_highlighted.png in Resources */,
				DD31725F15ABD8DD00160263 /* tabbar_message_highlighted@2x.png in Resources */,
				DD31726015ABD8DD00160263 /* tabbar_message.png in Resources */,
				DD31726115ABD8DD00160263 /* tabbar_message@2x.png in Resources */,
				DD31726215ABD8DD00160263 /* tb_arrow.png in Resources */,
				DD31726315ABD8DD00160263 /* tb_arrow@2x.png in Resources */,
				DD92CBA915B3F94900F436B6 /* bg.png in Resources */,
				DD92CBAA15B3F94900F436B6 /* bg@2x.png in Resources */,
			);
			runOnlyForDeploymentPostprocessing = 0;
		};
		DD64158715AB0AE700C2D7C9 /* Resources */ = {
			isa = PBXResourcesBuildPhase;
			buildActionMask = 2147483647;
			files = (
				DD64159615AB0AE700C2D7C9 /* InfoPlist.strings in Resources */,
			);
			runOnlyForDeploymentPostprocessing = 0;
		};
/* End PBXResourcesBuildPhase section */

/* Begin PBXShellScriptBuildPhase section */
		DD64158815AB0AE700C2D7C9 /* ShellScript */ = {
			isa = PBXShellScriptBuildPhase;
			buildActionMask = 2147483647;
			files = (
			);
			inputPaths = (
			);
			outputPaths = (
			);
			runOnlyForDeploymentPostprocessing = 0;
			shellPath = /bin/sh;
			shellScript = "# Run the unit tests in this test bundle.\n\"${SYSTEM_DEVELOPER_DIR}/Tools/RunUnitTests\"\n";
		};
/* End PBXShellScriptBuildPhase section */

/* Begin PBXSourcesBuildPhase section */
		DD64155715AB0AE700C2D7C9 /* Sources */ = {
			isa = PBXSourcesBuildPhase;
			buildActionMask = 2147483647;
			files = (
				DD64156C15AB0AE700C2D7C9 /* main.m in Sources */,
				DD64157015AB0AE700C2D7C9 /* ZHUAppDelegate.m in Sources */,
				DD6415C715AB0F4100C2D7C9 /* ZHUAdditions.m in Sources */,
				DD6415DD15AB0FAA00C2D7C9 /* ZHUBadgeView.m in Sources */,
				DD6415DE15AB0FAA00C2D7C9 /* ZHUTabBar.m in Sources */,
				DD6415DF15AB0FAA00C2D7C9 /* ZHUTabBarViewController.m in Sources */,
				DD6415E015AB0FAA00C2D7C9 /* ZHUTabBtn.m in Sources */,
				DD31722F15ABCE2100160263 /* SVPullToRefresh.m in Sources */,
				DD31723415ABCE4E00160263 /* ZHUTableViewController.m in Sources */,
				DD31723815ABD4D500160263 /* ZHUTimeLineViewController.m in Sources */,
				DD27D30E15AC229C005B638F /* ZHUViewController.m in Sources */,
				DD4C7C3C15AD1D19006C80C2 /* NSData+Base64.m in Sources */,
				DD4C7C3D15AD1D19006C80C2 /* NSDate+RFC1123.m in Sources */,
				DD4C7C3E15AD1D19006C80C2 /* NSDictionary+RequestEncoding.m in Sources */,
				DD4C7C3F15AD1D19006C80C2 /* NSString+MKNetworkKitAdditions.m in Sources */,
				DD4C7C4015AD1D19006C80C2 /* UIAlertView+MKNetworkKitAdditions.m in Sources */,
				DD4C7C4115AD1D19006C80C2 /* MKNetworkEngine.m in Sources */,
				DD4C7C4215AD1D19006C80C2 /* MKNetworkOperation.m in Sources */,
				DD4C7C4315AD1D19006C80C2 /* Reachability.m in Sources */,
				DD4C7C5515AD4F14006C80C2 /* ZHUWebViewController.m in Sources */,
				DD8EC45C15AD6A7A002EE03B /* ZHUWeiboMgr.m in Sources */,
				DD8EC46315AD6F30002EE03B /* ZHUOauthWebViewController.m in Sources */,
				DD8EC46615AD6FC7002EE03B /* ZHUSinaWeibomgr.m in Sources */,
				DD8EC46B15AD801A002EE03B /* ZHUUtil.m in Sources */,
				DD8EC47015ADD0A9002EE03B /* GTMBase64.m in Sources */,
				1E8CED6215AE720500531334 /* ZHUWBRequestEngine.m in Sources */,
				1E8CED7515AE787D00531334 /* ZHUWBRequest.m in Sources */,
				1E8CED8015AE7F5100531334 /* ZHUWBData.m in Sources */,
				1EA12F5315AEA3CF0096EF4E /* ZHUSinaWBRequestEngine.m in Sources */,
				1EA12F5615AEB2330096EF4E /* ZHUTableViewCell.m in Sources */,
				1EA12F6715AEBFA00096EF4E /* ZHUSinaUser.m in Sources */,
				1EA12F6A15AEBFB60096EF4E /* ZHUSinaGeo.m in Sources */,
				1EA12F6D15AECE4B0096EF4E /* ZHUTimeLineTableViewCell.m in Sources */,
				DD9CE89215B0114700D9EF57 /* ZHUImageView.m in Sources */,
				DD9CE8AC15B0490400D9EF57 /* ZHUTableContentView.m in Sources */,
				DD9CE8AF15B04D4700D9EF57 /* ZHUTimeLineContentView.m in Sources */,
				DD94A47515B294A500E23F96 /* ZHUSinaStatuses.m in Sources */,
				DD7844AE15B51727006497EA /* ZHUResponse.m in Sources */,
			);
			runOnlyForDeploymentPostprocessing = 0;
		};
		DD64158515AB0AE700C2D7C9 /* Sources */ = {
			isa = PBXSourcesBuildPhase;
			buildActionMask = 2147483647;
			files = (
				DD64159915AB0AE700C2D7C9 /* oauthshareTests.m in Sources */,
			);
			runOnlyForDeploymentPostprocessing = 0;
		};
/* End PBXSourcesBuildPhase section */

/* Begin PBXTargetDependency section */
		DD64159015AB0AE700C2D7C9 /* PBXTargetDependency */ = {
			isa = PBXTargetDependency;
			target = DD64155A15AB0AE700C2D7C9 /* oauthshare */;
			targetProxy = DD64158F15AB0AE700C2D7C9 /* PBXContainerItemProxy */;
		};
/* End PBXTargetDependency section */

/* Begin PBXVariantGroup section */
		DD64156815AB0AE700C2D7C9 /* InfoPlist.strings */ = {
			isa = PBXVariantGroup;
			children = (
				DD64156915AB0AE700C2D7C9 /* en */,
			);
			name = InfoPlist.strings;
			sourceTree = "<group>";
		};
		DD64159415AB0AE700C2D7C9 /* InfoPlist.strings */ = {
			isa = PBXVariantGroup;
			children = (
				DD64159515AB0AE700C2D7C9 /* en */,
			);
			name = InfoPlist.strings;
			sourceTree = "<group>";
		};
/* End PBXVariantGroup section */

/* Begin XCBuildConfiguration section */
		DD64159A15AB0AE700C2D7C9 /* Debug */ = {
			isa = XCBuildConfiguration;
			buildSettings = {
				ALWAYS_SEARCH_USER_PATHS = NO;
				ARCHS = "$(ARCHS_STANDARD_32_BIT)";
				CLANG_ENABLE_OBJC_ARC = YES;
				"CODE_SIGN_IDENTITY[sdk=iphoneos*]" = "iPhone Developer";
				COPY_PHASE_STRIP = NO;
				GCC_C_LANGUAGE_STANDARD = gnu99;
				GCC_DYNAMIC_NO_PIC = NO;
				GCC_OPTIMIZATION_LEVEL = 0;
				GCC_PREPROCESSOR_DEFINITIONS = (
					"DEBUG=1",
					"$(inherited)",
				);
				GCC_SYMBOLS_PRIVATE_EXTERN = NO;
				GCC_VERSION = com.apple.compilers.llvm.clang.1_0;
				GCC_WARN_ABOUT_RETURN_TYPE = YES;
				GCC_WARN_UNINITIALIZED_AUTOS = YES;
				GCC_WARN_UNUSED_VARIABLE = YES;
				IPHONEOS_DEPLOYMENT_TARGET = 5.1;
				SDKROOT = iphoneos;
			};
			name = Debug;
		};
		DD64159B15AB0AE700C2D7C9 /* Release */ = {
			isa = XCBuildConfiguration;
			buildSettings = {
				ALWAYS_SEARCH_USER_PATHS = NO;
				ARCHS = "$(ARCHS_STANDARD_32_BIT)";
				CLANG_ENABLE_OBJC_ARC = YES;
				"CODE_SIGN_IDENTITY[sdk=iphoneos*]" = "iPhone Developer";
				COPY_PHASE_STRIP = YES;
				GCC_C_LANGUAGE_STANDARD = gnu99;
				GCC_VERSION = com.apple.compilers.llvm.clang.1_0;
				GCC_WARN_ABOUT_RETURN_TYPE = YES;
				GCC_WARN_UNINITIALIZED_AUTOS = YES;
				GCC_WARN_UNUSED_VARIABLE = YES;
				IPHONEOS_DEPLOYMENT_TARGET = 5.1;
				OTHER_CFLAGS = "-DNS_BLOCK_ASSERTIONS=1";
				SDKROOT = iphoneos;
				VALIDATE_PRODUCT = YES;
			};
			name = Release;
		};
		DD64159D15AB0AE700C2D7C9 /* Debug */ = {
			isa = XCBuildConfiguration;
			buildSettings = {
				GCC_PRECOMPILE_PREFIX_HEADER = YES;
				GCC_PREFIX_HEADER = "oauthshare/oauthshare-Prefix.pch";
				INFOPLIST_FILE = "oauthshare/oauthshare-Info.plist";
				PRODUCT_NAME = "$(TARGET_NAME)";
				WRAPPER_EXTENSION = app;
			};
			name = Debug;
		};
		DD64159E15AB0AE700C2D7C9 /* Release */ = {
			isa = XCBuildConfiguration;
			buildSettings = {
				GCC_PRECOMPILE_PREFIX_HEADER = YES;
				GCC_PREFIX_HEADER = "oauthshare/oauthshare-Prefix.pch";
				INFOPLIST_FILE = "oauthshare/oauthshare-Info.plist";
				PRODUCT_NAME = "$(TARGET_NAME)";
				WRAPPER_EXTENSION = app;
			};
			name = Release;
		};
		DD6415A015AB0AE700C2D7C9 /* Debug */ = {
			isa = XCBuildConfiguration;
			buildSettings = {
				BUNDLE_LOADER = "$(BUILT_PRODUCTS_DIR)/oauthshare.app/oauthshare";
				FRAMEWORK_SEARCH_PATHS = (
					"$(SDKROOT)/Developer/Library/Frameworks",
					"$(DEVELOPER_LIBRARY_DIR)/Frameworks",
				);
				GCC_PRECOMPILE_PREFIX_HEADER = YES;
				GCC_PREFIX_HEADER = "oauthshare/oauthshare-Prefix.pch";
				INFOPLIST_FILE = "oauthshareTests/oauthshareTests-Info.plist";
				PRODUCT_NAME = "$(TARGET_NAME)";
				TEST_HOST = "$(BUNDLE_LOADER)";
				WRAPPER_EXTENSION = octest;
			};
			name = Debug;
		};
		DD6415A115AB0AE700C2D7C9 /* Release */ = {
			isa = XCBuildConfiguration;
			buildSettings = {
				BUNDLE_LOADER = "$(BUILT_PRODUCTS_DIR)/oauthshare.app/oauthshare";
				FRAMEWORK_SEARCH_PATHS = (
					"$(SDKROOT)/Developer/Library/Frameworks",
					"$(DEVELOPER_LIBRARY_DIR)/Frameworks",
				);
				GCC_PRECOMPILE_PREFIX_HEADER = YES;
				GCC_PREFIX_HEADER = "oauthshare/oauthshare-Prefix.pch";
				INFOPLIST_FILE = "oauthshareTests/oauthshareTests-Info.plist";
				PRODUCT_NAME = "$(TARGET_NAME)";
				TEST_HOST = "$(BUNDLE_LOADER)";
				WRAPPER_EXTENSION = octest;
			};
			name = Release;
		};
/* End XCBuildConfiguration section */

/* Begin XCConfigurationList section */
		DD64155515AB0AE700C2D7C9 /* Build configuration list for PBXProject "oauthshare" */ = {
			isa = XCConfigurationList;
			buildConfigurations = (
				DD64159A15AB0AE700C2D7C9 /* Debug */,
				DD64159B15AB0AE700C2D7C9 /* Release */,
			);
			defaultConfigurationIsVisible = 0;
			defaultConfigurationName = Release;
		};
		DD64159C15AB0AE700C2D7C9 /* Build configuration list for PBXNativeTarget "oauthshare" */ = {
			isa = XCConfigurationList;
			buildConfigurations = (
				DD64159D15AB0AE700C2D7C9 /* Debug */,
				DD64159E15AB0AE700C2D7C9 /* Release */,
			);
			defaultConfigurationIsVisible = 0;
			defaultConfigurationName = Release;
		};
		DD64159F15AB0AE700C2D7C9 /* Build configuration list for PBXNativeTarget "oauthshareTests" */ = {
			isa = XCConfigurationList;
			buildConfigurations = (
				DD6415A015AB0AE700C2D7C9 /* Debug */,
				DD6415A115AB0AE700C2D7C9 /* Release */,
			);
			defaultConfigurationIsVisible = 0;
			defaultConfigurationName = Release;
		};
/* End XCConfigurationList section */
	};
	rootObject = DD64155215AB0AE700C2D7C9 /* Project object */;
}
